
Microsoft Visual Studio Solution File, Format Version 12.00
# Visual Studio 2012
Project("{CC5FD16D-436D-48AD-A40C-5A424C6E3E79}") = "webservice", "webservice.ccproj", "{247A5C8E-18C5-4888-AF01-54341153CE81}"
EndProject
Project("{FAE04EC0-301F-11D3-BF4B-00C04F79EFBC}") = "WCFServiceWebRole1", "WCFServiceWebRole1\WCFServiceWebRole1.csproj", "{EC23CACF-6AE7-47C1-BE75-B01F8B651174}"
EndProject
Global
	GlobalSection(SolutionConfigurationPlatforms) = preSolution
		Debug|Any CPU = Debug|Any CPU
		Release|Any CPU = Release|Any CPU
	EndGlobalSection
	GlobalSection(ProjectConfigurationPlatforms) = postSolution
		{247A5C8E-18C5-4888-AF01-54341153CE81}.Debug|Any CPU.ActiveCfg = Debug|Any CPU
		{247A5C8E-18C5-4888-AF01-54341153CE81}.Debug|Any CPU.Build.0 = Debug|Any CPU
		{247A5C8E-18C5-4888-AF01-54341153CE81}.Release|Any CPU.ActiveCfg = Release|Any CPU
		{247A5C8E-18C5-4888-AF01-54341153CE81}.Release|Any CPU.Build.0 = Release|Any CPU
		{EC23CACF-6AE7-47C1-BE75-B01F8B651174}.Debug|Any CPU.ActiveCfg = Debug|Any CPU
		{EC23CACF-6AE7-47C1-BE75-B01F8B651174}.Debug|Any CPU.Build.0 = Debug|Any CPU
		{EC23CACF-6AE7-47C1-BE75-B01F8B651174}.Release|Any CPU.ActiveCfg = Release|Any CPU
		{EC23CACF-6AE7-47C1-BE75-B01F8B651174}.Release|Any CPU.Build.0 = Release|Any CPU
	EndGlobalSection
	GlobalSection(SolutionProperties) = preSolution
		HideSolutionNode = FALSE
	EndGlobalSection
EndGlobal
